
Microsoft Visual Studio Solution File, Format Version 12.00
# Visual Studio Version 17
Project("{2150E333-8FDC-42A3-9474-1A3956D46DE8}") = "CMakePredefinedTargets", "CMakePredefinedTargets", "{86E40B11-D32A-3CDF-A419-7177EE00D7C6}"
EndProject
Project("{2150E333-8FDC-42A3-9474-1A3956D46DE8}") = "apps", "apps", "{34977D63-F4BA-3651-9381-F933B78E7508}"
EndProject
Project("{2150E333-8FDC-42A3-9474-1A3956D46DE8}") = "benchmarks", "apps\benchmarks", "{1A655BD5-E2F4-3CBC-AFD5-16FB032CDE92}"
EndProject
Project("{2150E333-8FDC-42A3-9474-1A3956D46DE8}") = "examples", "apps\examples", "{44B9C93E-31B4-3517-A092-E4A4FC784AA6}"
EndProject
Project("{2150E333-8FDC-42A3-9474-1A3956D46DE8}") = "tests", "apps\tests", "{E94E7954-D3E2-3C91-8D76-BB52A6CA1EA1}"
EndProject
Project("{2150E333-8FDC-42A3-9474-1A3956D46DE8}") = "external", "external", "{5A2FAD57-9AAB-3B29-BDEA-C283A0D57249}"
EndProject
Project("{2150E333-8FDC-42A3-9474-1A3956D46DE8}") = "uipc-backends", "uipc-backends", "{C87E8022-0752-3C4B-9596-C9E2BA3F5D62}"
EndProject
Project("{8BC9CEB8-8B4A-11D0-8D11-00A0C91BC942}") = "ALL_BUILD", "ALL_BUILD.vcxproj", "{7CB915BC-E74C-375D-8BB9-0913B01FB67B}"
	ProjectSection(ProjectDependencies) = postProject
		{4AE76370-8D53-376B-8296-D0BBC73D91C2} = {4AE76370-8D53-376B-8296-D0BBC73D91C2}
		{81A36780-D580-3389-A737-92602D9DDA75} = {81A36780-D580-3389-A737-92602D9DDA75}
		{C850A4F1-20EF-337C-830D-0D884867C111} = {C850A4F1-20EF-337C-830D-0D884867C111}
		{4A746064-34A6-3B20-85CE-EF2A8A77AA16} = {4A746064-34A6-3B20-85CE-EF2A8A77AA16}
		{0E39603A-A0C9-3DFF-BC2B-CB47CC6C2E57} = {0E39603A-A0C9-3DFF-BC2B-CB47CC6C2E57}
		{2E600EFB-BB3F-39B3-9D03-28E5B9F568EE} = {2E600EFB-BB3F-39B3-9D03-28E5B9F568EE}
		{502429AA-FFB8-3558-9094-F99E5E5D7095} = {502429AA-FFB8-3558-9094-F99E5E5D7095}
		{C92901DF-EF3C-351B-8938-D07D793430BC} = {C92901DF-EF3C-351B-8938-D07D793430BC}
		{F258CDF0-56AD-3847-B9FA-417E931BEC1B} = {F258CDF0-56AD-3847-B9FA-417E931BEC1B}
		{AEB40105-D505-337D-9765-A4214264FB2F} = {AEB40105-D505-337D-9765-A4214264FB2F}
		{744F63BE-F16B-327A-BA64-8220EF98CDB0} = {744F63BE-F16B-327A-BA64-8220EF98CDB0}
		{35BCE2A8-532E-3233-991D-2DF74969F2BB} = {35BCE2A8-532E-3233-991D-2DF74969F2BB}
		{E538E82F-2AA0-3B92-80DC-AF12DFFD3B31} = {E538E82F-2AA0-3B92-80DC-AF12DFFD3B31}
		{046D80F9-B93D-3371-B1C8-A8D5B714504A} = {046D80F9-B93D-3371-B1C8-A8D5B714504A}
		{12EC9CEE-2F89-3394-95CF-8B9D78FB5C43} = {12EC9CEE-2F89-3394-95CF-8B9D78FB5C43}
		{7718F193-F077-3F4A-8265-7A6CACC32280} = {7718F193-F077-3F4A-8265-7A6CACC32280}
		{FBD95F36-9872-32AB-B23B-E99FCFDED1FD} = {FBD95F36-9872-32AB-B23B-E99FCFDED1FD}
		{07EC82C8-D3F7-3300-A8D3-208E908DE13D} = {07EC82C8-D3F7-3300-A8D3-208E908DE13D}
		{21DB2C93-357B-3A12-B8D3-E35C71125BA6} = {21DB2C93-357B-3A12-B8D3-E35C71125BA6}
		{2D5E866B-1A4A-3365-90FA-F5CC73B0C0A3} = {2D5E866B-1A4A-3365-90FA-F5CC73B0C0A3}
		{97DC0537-4D9E-364C-8B12-10E5B54F08C5} = {97DC0537-4D9E-364C-8B12-10E5B54F08C5}
	EndProjectSection
EndProject
Project("{8BC9CEB8-8B4A-11D0-8D11-00A0C91BC942}") = "ZERO_CHECK", "ZERO_CHECK.vcxproj", "{4AE76370-8D53-376B-8296-D0BBC73D91C2}"
	ProjectSection(ProjectDependencies) = postProject
	EndProjectSection
EndProject
Project("{8BC9CEB8-8B4A-11D0-8D11-00A0C91BC942}") = "app", "apps\app\app.vcxproj", "{81A36780-D580-3389-A737-92602D9DDA75}"
	ProjectSection(ProjectDependencies) = postProject
		{4AE76370-8D53-376B-8296-D0BBC73D91C2} = {4AE76370-8D53-376B-8296-D0BBC73D91C2}
		{12EC9CEE-2F89-3394-95CF-8B9D78FB5C43} = {12EC9CEE-2F89-3394-95CF-8B9D78FB5C43}
		{7718F193-F077-3F4A-8265-7A6CACC32280} = {7718F193-F077-3F4A-8265-7A6CACC32280}
		{FBD95F36-9872-32AB-B23B-E99FCFDED1FD} = {FBD95F36-9872-32AB-B23B-E99FCFDED1FD}
		{07EC82C8-D3F7-3300-A8D3-208E908DE13D} = {07EC82C8-D3F7-3300-A8D3-208E908DE13D}
		{21DB2C93-357B-3A12-B8D3-E35C71125BA6} = {21DB2C93-357B-3A12-B8D3-E35C71125BA6}
		{2D5E866B-1A4A-3365-90FA-F5CC73B0C0A3} = {2D5E866B-1A4A-3365-90FA-F5CC73B0C0A3}
	EndProjectSection
EndProject
Project("{8BC9CEB8-8B4A-11D0-8D11-00A0C91BC942}") = "backend_cuda", "apps\tests\backends\cuda\backend_cuda.vcxproj", "{C850A4F1-20EF-337C-830D-0D884867C111}"
	ProjectSection(ProjectDependencies) = postProject
		{4AE76370-8D53-376B-8296-D0BBC73D91C2} = {4AE76370-8D53-376B-8296-D0BBC73D91C2}
		{81A36780-D580-3389-A737-92602D9DDA75} = {81A36780-D580-3389-A737-92602D9DDA75}
		{502429AA-FFB8-3558-9094-F99E5E5D7095} = {502429AA-FFB8-3558-9094-F99E5E5D7095}
		{744F63BE-F16B-327A-BA64-8220EF98CDB0} = {744F63BE-F16B-327A-BA64-8220EF98CDB0}
		{12EC9CEE-2F89-3394-95CF-8B9D78FB5C43} = {12EC9CEE-2F89-3394-95CF-8B9D78FB5C43}
		{7718F193-F077-3F4A-8265-7A6CACC32280} = {7718F193-F077-3F4A-8265-7A6CACC32280}
		{FBD95F36-9872-32AB-B23B-E99FCFDED1FD} = {FBD95F36-9872-32AB-B23B-E99FCFDED1FD}
		{07EC82C8-D3F7-3300-A8D3-208E908DE13D} = {07EC82C8-D3F7-3300-A8D3-208E908DE13D}
		{21DB2C93-357B-3A12-B8D3-E35C71125BA6} = {21DB2C93-357B-3A12-B8D3-E35C71125BA6}
		{2D5E866B-1A4A-3365-90FA-F5CC73B0C0A3} = {2D5E866B-1A4A-3365-90FA-F5CC73B0C0A3}
	EndProjectSection
EndProject
Project("{8BC9CEB8-8B4A-11D0-8D11-00A0C91BC942}") = "basic", "apps\benchmarks\basic\basic.vcxproj", "{4A746064-34A6-3B20-85CE-EF2A8A77AA16}"
	ProjectSection(ProjectDependencies) = postProject
		{4AE76370-8D53-376B-8296-D0BBC73D91C2} = {4AE76370-8D53-376B-8296-D0BBC73D91C2}
		{81A36780-D580-3389-A737-92602D9DDA75} = {81A36780-D580-3389-A737-92602D9DDA75}
		{502429AA-FFB8-3558-9094-F99E5E5D7095} = {502429AA-FFB8-3558-9094-F99E5E5D7095}
		{744F63BE-F16B-327A-BA64-8220EF98CDB0} = {744F63BE-F16B-327A-BA64-8220EF98CDB0}
		{12EC9CEE-2F89-3394-95CF-8B9D78FB5C43} = {12EC9CEE-2F89-3394-95CF-8B9D78FB5C43}
		{7718F193-F077-3F4A-8265-7A6CACC32280} = {7718F193-F077-3F4A-8265-7A6CACC32280}
		{FBD95F36-9872-32AB-B23B-E99FCFDED1FD} = {FBD95F36-9872-32AB-B23B-E99FCFDED1FD}
		{07EC82C8-D3F7-3300-A8D3-208E908DE13D} = {07EC82C8-D3F7-3300-A8D3-208E908DE13D}
		{21DB2C93-357B-3A12-B8D3-E35C71125BA6} = {21DB2C93-357B-3A12-B8D3-E35C71125BA6}
		{2D5E866B-1A4A-3365-90FA-F5CC73B0C0A3} = {2D5E866B-1A4A-3365-90FA-F5CC73B0C0A3}
	EndProjectSection
EndProject
Project("{8BC9CEB8-8B4A-11D0-8D11-00A0C91BC942}") = "common", "apps\tests\common\common.vcxproj", "{0E39603A-A0C9-3DFF-BC2B-CB47CC6C2E57}"
	ProjectSection(ProjectDependencies) = postProject
		{4AE76370-8D53-376B-8296-D0BBC73D91C2} = {4AE76370-8D53-376B-8296-D0BBC73D91C2}
		{81A36780-D580-3389-A737-92602D9DDA75} = {81A36780-D580-3389-A737-92602D9DDA75}
		{502429AA-FFB8-3558-9094-F99E5E5D7095} = {502429AA-FFB8-3558-9094-F99E5E5D7095}
		{744F63BE-F16B-327A-BA64-8220EF98CDB0} = {744F63BE-F16B-327A-BA64-8220EF98CDB0}
		{12EC9CEE-2F89-3394-95CF-8B9D78FB5C43} = {12EC9CEE-2F89-3394-95CF-8B9D78FB5C43}
		{7718F193-F077-3F4A-8265-7A6CACC32280} = {7718F193-F077-3F4A-8265-7A6CACC32280}
		{FBD95F36-9872-32AB-B23B-E99FCFDED1FD} = {FBD95F36-9872-32AB-B23B-E99FCFDED1FD}
		{07EC82C8-D3F7-3300-A8D3-208E908DE13D} = {07EC82C8-D3F7-3300-A8D3-208E908DE13D}
		{21DB2C93-357B-3A12-B8D3-E35C71125BA6} = {21DB2C93-357B-3A12-B8D3-E35C71125BA6}
		{2D5E866B-1A4A-3365-90FA-F5CC73B0C0A3} = {2D5E866B-1A4A-3365-90FA-F5CC73B0C0A3}
	EndProjectSection
EndProject
Project("{8BC9CEB8-8B4A-11D0-8D11-00A0C91BC942}") = "core", "apps\tests\core\core.vcxproj", "{2E600EFB-BB3F-39B3-9D03-28E5B9F568EE}"
	ProjectSection(ProjectDependencies) = postProject
		{4AE76370-8D53-376B-8296-D0BBC73D91C2} = {4AE76370-8D53-376B-8296-D0BBC73D91C2}
		{81A36780-D580-3389-A737-92602D9DDA75} = {81A36780-D580-3389-A737-92602D9DDA75}
		{502429AA-FFB8-3558-9094-F99E5E5D7095} = {502429AA-FFB8-3558-9094-F99E5E5D7095}
		{744F63BE-F16B-327A-BA64-8220EF98CDB0} = {744F63BE-F16B-327A-BA64-8220EF98CDB0}
		{12EC9CEE-2F89-3394-95CF-8B9D78FB5C43} = {12EC9CEE-2F89-3394-95CF-8B9D78FB5C43}
		{7718F193-F077-3F4A-8265-7A6CACC32280} = {7718F193-F077-3F4A-8265-7A6CACC32280}
		{FBD95F36-9872-32AB-B23B-E99FCFDED1FD} = {FBD95F36-9872-32AB-B23B-E99FCFDED1FD}
		{07EC82C8-D3F7-3300-A8D3-208E908DE13D} = {07EC82C8-D3F7-3300-A8D3-208E908DE13D}
		{21DB2C93-357B-3A12-B8D3-E35C71125BA6} = {21DB2C93-357B-3A12-B8D3-E35C71125BA6}
		{2D5E866B-1A4A-3365-90FA-F5CC73B0C0A3} = {2D5E866B-1A4A-3365-90FA-F5CC73B0C0A3}
	EndProjectSection
EndProject
Project("{8BC9CEB8-8B4A-11D0-8D11-00A0C91BC942}") = "cuda", "src\backends\cuda\cuda.vcxproj", "{502429AA-FFB8-3558-9094-F99E5E5D7095}"
	ProjectSection(ProjectDependencies) = postProject
		{4AE76370-8D53-376B-8296-D0BBC73D91C2} = {4AE76370-8D53-376B-8296-D0BBC73D91C2}
		{12EC9CEE-2F89-3394-95CF-8B9D78FB5C43} = {12EC9CEE-2F89-3394-95CF-8B9D78FB5C43}
		{FBD95F36-9872-32AB-B23B-E99FCFDED1FD} = {FBD95F36-9872-32AB-B23B-E99FCFDED1FD}
		{07EC82C8-D3F7-3300-A8D3-208E908DE13D} = {07EC82C8-D3F7-3300-A8D3-208E908DE13D}
	EndProjectSection
EndProject
Project("{8BC9CEB8-8B4A-11D0-8D11-00A0C91BC942}") = "geometry", "apps\tests\geometry\geometry.vcxproj", "{C92901DF-EF3C-351B-8938-D07D793430BC}"
	ProjectSection(ProjectDependencies) = postProject
		{4AE76370-8D53-376B-8296-D0BBC73D91C2} = {4AE76370-8D53-376B-8296-D0BBC73D91C2}
		{81A36780-D580-3389-A737-92602D9DDA75} = {81A36780-D580-3389-A737-92602D9DDA75}
		{502429AA-FFB8-3558-9094-F99E5E5D7095} = {502429AA-FFB8-3558-9094-F99E5E5D7095}
		{744F63BE-F16B-327A-BA64-8220EF98CDB0} = {744F63BE-F16B-327A-BA64-8220EF98CDB0}
		{12EC9CEE-2F89-3394-95CF-8B9D78FB5C43} = {12EC9CEE-2F89-3394-95CF-8B9D78FB5C43}
		{7718F193-F077-3F4A-8265-7A6CACC32280} = {7718F193-F077-3F4A-8265-7A6CACC32280}
		{FBD95F36-9872-32AB-B23B-E99FCFDED1FD} = {FBD95F36-9872-32AB-B23B-E99FCFDED1FD}
		{07EC82C8-D3F7-3300-A8D3-208E908DE13D} = {07EC82C8-D3F7-3300-A8D3-208E908DE13D}
		{21DB2C93-357B-3A12-B8D3-E35C71125BA6} = {21DB2C93-357B-3A12-B8D3-E35C71125BA6}
		{2D5E866B-1A4A-3365-90FA-F5CC73B0C0A3} = {2D5E866B-1A4A-3365-90FA-F5CC73B0C0A3}
	EndProjectSection
EndProject
Project("{8BC9CEB8-8B4A-11D0-8D11-00A0C91BC942}") = "hello_affine_body", "apps\examples\hello_affine_body\hello_affine_body.vcxproj", "{F258CDF0-56AD-3847-B9FA-417E931BEC1B}"
	ProjectSection(ProjectDependencies) = postProject
		{4AE76370-8D53-376B-8296-D0BBC73D91C2} = {4AE76370-8D53-376B-8296-D0BBC73D91C2}
		{81A36780-D580-3389-A737-92602D9DDA75} = {81A36780-D580-3389-A737-92602D9DDA75}
		{502429AA-FFB8-3558-9094-F99E5E5D7095} = {502429AA-FFB8-3558-9094-F99E5E5D7095}
		{744F63BE-F16B-327A-BA64-8220EF98CDB0} = {744F63BE-F16B-327A-BA64-8220EF98CDB0}
		{12EC9CEE-2F89-3394-95CF-8B9D78FB5C43} = {12EC9CEE-2F89-3394-95CF-8B9D78FB5C43}
		{7718F193-F077-3F4A-8265-7A6CACC32280} = {7718F193-F077-3F4A-8265-7A6CACC32280}
		{FBD95F36-9872-32AB-B23B-E99FCFDED1FD} = {FBD95F36-9872-32AB-B23B-E99FCFDED1FD}
		{07EC82C8-D3F7-3300-A8D3-208E908DE13D} = {07EC82C8-D3F7-3300-A8D3-208E908DE13D}
		{21DB2C93-357B-3A12-B8D3-E35C71125BA6} = {21DB2C93-357B-3A12-B8D3-E35C71125BA6}
		{2D5E866B-1A4A-3365-90FA-F5CC73B0C0A3} = {2D5E866B-1A4A-3365-90FA-F5CC73B0C0A3}
	EndProjectSection
EndProject
Project("{8BC9CEB8-8B4A-11D0-8D11-00A0C91BC942}") = "hello_simplicial_complex", "apps\examples\hello_simplicial_complex\hello_simplicial_complex.vcxproj", "{AEB40105-D505-337D-9765-A4214264FB2F}"
	ProjectSection(ProjectDependencies) = postProject
		{4AE76370-8D53-376B-8296-D0BBC73D91C2} = {4AE76370-8D53-376B-8296-D0BBC73D91C2}
		{81A36780-D580-3389-A737-92602D9DDA75} = {81A36780-D580-3389-A737-92602D9DDA75}
		{502429AA-FFB8-3558-9094-F99E5E5D7095} = {502429AA-FFB8-3558-9094-F99E5E5D7095}
		{744F63BE-F16B-327A-BA64-8220EF98CDB0} = {744F63BE-F16B-327A-BA64-8220EF98CDB0}
		{12EC9CEE-2F89-3394-95CF-8B9D78FB5C43} = {12EC9CEE-2F89-3394-95CF-8B9D78FB5C43}
		{7718F193-F077-3F4A-8265-7A6CACC32280} = {7718F193-F077-3F4A-8265-7A6CACC32280}
		{FBD95F36-9872-32AB-B23B-E99FCFDED1FD} = {FBD95F36-9872-32AB-B23B-E99FCFDED1FD}
		{07EC82C8-D3F7-3300-A8D3-208E908DE13D} = {07EC82C8-D3F7-3300-A8D3-208E908DE13D}
		{21DB2C93-357B-3A12-B8D3-E35C71125BA6} = {21DB2C93-357B-3A12-B8D3-E35C71125BA6}
		{2D5E866B-1A4A-3365-90FA-F5CC73B0C0A3} = {2D5E866B-1A4A-3365-90FA-F5CC73B0C0A3}
	EndProjectSection
EndProject
Project("{8BC9CEB8-8B4A-11D0-8D11-00A0C91BC942}") = "none", "src\backends\none\none.vcxproj", "{744F63BE-F16B-327A-BA64-8220EF98CDB0}"
	ProjectSection(ProjectDependencies) = postProject
		{4AE76370-8D53-376B-8296-D0BBC73D91C2} = {4AE76370-8D53-376B-8296-D0BBC73D91C2}
		{FBD95F36-9872-32AB-B23B-E99FCFDED1FD} = {FBD95F36-9872-32AB-B23B-E99FCFDED1FD}
	EndProjectSection
EndProject
Project("{8BC9CEB8-8B4A-11D0-8D11-00A0C91BC942}") = "pyuipc", "src\pybind\pyuipc\pyuipc.vcxproj", "{35BCE2A8-532E-3233-991D-2DF74969F2BB}"
	ProjectSection(ProjectDependencies) = postProject
		{4AE76370-8D53-376B-8296-D0BBC73D91C2} = {4AE76370-8D53-376B-8296-D0BBC73D91C2}
		{502429AA-FFB8-3558-9094-F99E5E5D7095} = {502429AA-FFB8-3558-9094-F99E5E5D7095}
		{744F63BE-F16B-327A-BA64-8220EF98CDB0} = {744F63BE-F16B-327A-BA64-8220EF98CDB0}
		{12EC9CEE-2F89-3394-95CF-8B9D78FB5C43} = {12EC9CEE-2F89-3394-95CF-8B9D78FB5C43}
		{7718F193-F077-3F4A-8265-7A6CACC32280} = {7718F193-F077-3F4A-8265-7A6CACC32280}
		{FBD95F36-9872-32AB-B23B-E99FCFDED1FD} = {FBD95F36-9872-32AB-B23B-E99FCFDED1FD}
		{07EC82C8-D3F7-3300-A8D3-208E908DE13D} = {07EC82C8-D3F7-3300-A8D3-208E908DE13D}
		{21DB2C93-357B-3A12-B8D3-E35C71125BA6} = {21DB2C93-357B-3A12-B8D3-E35C71125BA6}
		{2D5E866B-1A4A-3365-90FA-F5CC73B0C0A3} = {2D5E866B-1A4A-3365-90FA-F5CC73B0C0A3}
	EndProjectSection
EndProject
Project("{8BC9CEB8-8B4A-11D0-8D11-00A0C91BC942}") = "sanity_check", "apps\tests\sanity_check\sanity_check.vcxproj", "{E538E82F-2AA0-3B92-80DC-AF12DFFD3B31}"
	ProjectSection(ProjectDependencies) = postProject
		{4AE76370-8D53-376B-8296-D0BBC73D91C2} = {4AE76370-8D53-376B-8296-D0BBC73D91C2}
		{81A36780-D580-3389-A737-92602D9DDA75} = {81A36780-D580-3389-A737-92602D9DDA75}
		{502429AA-FFB8-3558-9094-F99E5E5D7095} = {502429AA-FFB8-3558-9094-F99E5E5D7095}
		{744F63BE-F16B-327A-BA64-8220EF98CDB0} = {744F63BE-F16B-327A-BA64-8220EF98CDB0}
		{12EC9CEE-2F89-3394-95CF-8B9D78FB5C43} = {12EC9CEE-2F89-3394-95CF-8B9D78FB5C43}
		{7718F193-F077-3F4A-8265-7A6CACC32280} = {7718F193-F077-3F4A-8265-7A6CACC32280}
		{FBD95F36-9872-32AB-B23B-E99FCFDED1FD} = {FBD95F36-9872-32AB-B23B-E99FCFDED1FD}
		{07EC82C8-D3F7-3300-A8D3-208E908DE13D} = {07EC82C8-D3F7-3300-A8D3-208E908DE13D}
		{21DB2C93-357B-3A12-B8D3-E35C71125BA6} = {21DB2C93-357B-3A12-B8D3-E35C71125BA6}
		{2D5E866B-1A4A-3365-90FA-F5CC73B0C0A3} = {2D5E866B-1A4A-3365-90FA-F5CC73B0C0A3}
	EndProjectSection
EndProject
Project("{8BC9CEB8-8B4A-11D0-8D11-00A0C91BC942}") = "sim_case", "apps\tests\sim_case\sim_case.vcxproj", "{046D80F9-B93D-3371-B1C8-A8D5B714504A}"
	ProjectSection(ProjectDependencies) = postProject
		{4AE76370-8D53-376B-8296-D0BBC73D91C2} = {4AE76370-8D53-376B-8296-D0BBC73D91C2}
		{81A36780-D580-3389-A737-92602D9DDA75} = {81A36780-D580-3389-A737-92602D9DDA75}
		{502429AA-FFB8-3558-9094-F99E5E5D7095} = {502429AA-FFB8-3558-9094-F99E5E5D7095}
		{744F63BE-F16B-327A-BA64-8220EF98CDB0} = {744F63BE-F16B-327A-BA64-8220EF98CDB0}
		{12EC9CEE-2F89-3394-95CF-8B9D78FB5C43} = {12EC9CEE-2F89-3394-95CF-8B9D78FB5C43}
		{7718F193-F077-3F4A-8265-7A6CACC32280} = {7718F193-F077-3F4A-8265-7A6CACC32280}
		{FBD95F36-9872-32AB-B23B-E99FCFDED1FD} = {FBD95F36-9872-32AB-B23B-E99FCFDED1FD}
		{07EC82C8-D3F7-3300-A8D3-208E908DE13D} = {07EC82C8-D3F7-3300-A8D3-208E908DE13D}
		{21DB2C93-357B-3A12-B8D3-E35C71125BA6} = {21DB2C93-357B-3A12-B8D3-E35C71125BA6}
		{2D5E866B-1A4A-3365-90FA-F5CC73B0C0A3} = {2D5E866B-1A4A-3365-90FA-F5CC73B0C0A3}
	EndProjectSection
EndProject
Project("{8BC9CEB8-8B4A-11D0-8D11-00A0C91BC942}") = "tetgen", "external\tetgen\tetgen.vcxproj", "{12EC9CEE-2F89-3394-95CF-8B9D78FB5C43}"
	ProjectSection(ProjectDependencies) = postProject
		{4AE76370-8D53-376B-8296-D0BBC73D91C2} = {4AE76370-8D53-376B-8296-D0BBC73D91C2}
	EndProjectSection
EndProject
Project("{8BC9CEB8-8B4A-11D0-8D11-00A0C91BC942}") = "uipc_constitution", "src\constitution\uipc_constitution.vcxproj", "{7718F193-F077-3F4A-8265-7A6CACC32280}"
	ProjectSection(ProjectDependencies) = postProject
		{4AE76370-8D53-376B-8296-D0BBC73D91C2} = {4AE76370-8D53-376B-8296-D0BBC73D91C2}
		{12EC9CEE-2F89-3394-95CF-8B9D78FB5C43} = {12EC9CEE-2F89-3394-95CF-8B9D78FB5C43}
		{FBD95F36-9872-32AB-B23B-E99FCFDED1FD} = {FBD95F36-9872-32AB-B23B-E99FCFDED1FD}
		{07EC82C8-D3F7-3300-A8D3-208E908DE13D} = {07EC82C8-D3F7-3300-A8D3-208E908DE13D}
	EndProjectSection
EndProject
Project("{8BC9CEB8-8B4A-11D0-8D11-00A0C91BC942}") = "uipc_core", "src\core\uipc_core.vcxproj", "{FBD95F36-9872-32AB-B23B-E99FCFDED1FD}"
	ProjectSection(ProjectDependencies) = postProject
		{4AE76370-8D53-376B-8296-D0BBC73D91C2} = {4AE76370-8D53-376B-8296-D0BBC73D91C2}
	EndProjectSection
EndProject
Project("{8BC9CEB8-8B4A-11D0-8D11-00A0C91BC942}") = "uipc_geometry", "src\geometry\uipc_geometry.vcxproj", "{07EC82C8-D3F7-3300-A8D3-208E908DE13D}"
	ProjectSection(ProjectDependencies) = postProject
		{4AE76370-8D53-376B-8296-D0BBC73D91C2} = {4AE76370-8D53-376B-8296-D0BBC73D91C2}
		{12EC9CEE-2F89-3394-95CF-8B9D78FB5C43} = {12EC9CEE-2F89-3394-95CF-8B9D78FB5C43}
		{FBD95F36-9872-32AB-B23B-E99FCFDED1FD} = {FBD95F36-9872-32AB-B23B-E99FCFDED1FD}
	EndProjectSection
EndProject
Project("{8BC9CEB8-8B4A-11D0-8D11-00A0C91BC942}") = "uipc_io", "src\io\uipc_io.vcxproj", "{21DB2C93-357B-3A12-B8D3-E35C71125BA6}"
	ProjectSection(ProjectDependencies) = postProject
		{4AE76370-8D53-376B-8296-D0BBC73D91C2} = {4AE76370-8D53-376B-8296-D0BBC73D91C2}
		{12EC9CEE-2F89-3394-95CF-8B9D78FB5C43} = {12EC9CEE-2F89-3394-95CF-8B9D78FB5C43}
		{FBD95F36-9872-32AB-B23B-E99FCFDED1FD} = {FBD95F36-9872-32AB-B23B-E99FCFDED1FD}
		{07EC82C8-D3F7-3300-A8D3-208E908DE13D} = {07EC82C8-D3F7-3300-A8D3-208E908DE13D}
	EndProjectSection
EndProject
Project("{8BC9CEB8-8B4A-11D0-8D11-00A0C91BC942}") = "uipc_sanity_check", "src\sanity_check\uipc_sanity_check.vcxproj", "{2D5E866B-1A4A-3365-90FA-F5CC73B0C0A3}"
	ProjectSection(ProjectDependencies) = postProject
		{4AE76370-8D53-376B-8296-D0BBC73D91C2} = {4AE76370-8D53-376B-8296-D0BBC73D91C2}
		{12EC9CEE-2F89-3394-95CF-8B9D78FB5C43} = {12EC9CEE-2F89-3394-95CF-8B9D78FB5C43}
		{FBD95F36-9872-32AB-B23B-E99FCFDED1FD} = {FBD95F36-9872-32AB-B23B-E99FCFDED1FD}
		{07EC82C8-D3F7-3300-A8D3-208E908DE13D} = {07EC82C8-D3F7-3300-A8D3-208E908DE13D}
		{21DB2C93-357B-3A12-B8D3-E35C71125BA6} = {21DB2C93-357B-3A12-B8D3-E35C71125BA6}
	EndProjectSection
EndProject
Project("{8BC9CEB8-8B4A-11D0-8D11-00A0C91BC942}") = "wrecking_ball", "apps\examples\wrecking_ball\wrecking_ball.vcxproj", "{97DC0537-4D9E-364C-8B12-10E5B54F08C5}"
	ProjectSection(ProjectDependencies) = postProject
		{4AE76370-8D53-376B-8296-D0BBC73D91C2} = {4AE76370-8D53-376B-8296-D0BBC73D91C2}
		{81A36780-D580-3389-A737-92602D9DDA75} = {81A36780-D580-3389-A737-92602D9DDA75}
		{502429AA-FFB8-3558-9094-F99E5E5D7095} = {502429AA-FFB8-3558-9094-F99E5E5D7095}
		{744F63BE-F16B-327A-BA64-8220EF98CDB0} = {744F63BE-F16B-327A-BA64-8220EF98CDB0}
		{12EC9CEE-2F89-3394-95CF-8B9D78FB5C43} = {12EC9CEE-2F89-3394-95CF-8B9D78FB5C43}
		{7718F193-F077-3F4A-8265-7A6CACC32280} = {7718F193-F077-3F4A-8265-7A6CACC32280}
		{FBD95F36-9872-32AB-B23B-E99FCFDED1FD} = {FBD95F36-9872-32AB-B23B-E99FCFDED1FD}
		{07EC82C8-D3F7-3300-A8D3-208E908DE13D} = {07EC82C8-D3F7-3300-A8D3-208E908DE13D}
		{21DB2C93-357B-3A12-B8D3-E35C71125BA6} = {21DB2C93-357B-3A12-B8D3-E35C71125BA6}
		{2D5E866B-1A4A-3365-90FA-F5CC73B0C0A3} = {2D5E866B-1A4A-3365-90FA-F5CC73B0C0A3}
	EndProjectSection
EndProject
Global
	GlobalSection(SolutionConfigurationPlatforms) = preSolution
		Debug|x64 = Debug|x64
		Release|x64 = Release|x64
		MinSizeRel|x64 = MinSizeRel|x64
		RelWithDebInfo|x64 = RelWithDebInfo|x64
	EndGlobalSection
	GlobalSection(ProjectConfigurationPlatforms) = postSolution
		{7CB915BC-E74C-375D-8BB9-0913B01FB67B}.Debug|x64.ActiveCfg = Debug|x64
		{7CB915BC-E74C-375D-8BB9-0913B01FB67B}.Release|x64.ActiveCfg = Release|x64
		{7CB915BC-E74C-375D-8BB9-0913B01FB67B}.MinSizeRel|x64.ActiveCfg = MinSizeRel|x64
		{7CB915BC-E74C-375D-8BB9-0913B01FB67B}.RelWithDebInfo|x64.ActiveCfg = RelWithDebInfo|x64
		{4AE76370-8D53-376B-8296-D0BBC73D91C2}.Debug|x64.ActiveCfg = Debug|x64
		{4AE76370-8D53-376B-8296-D0BBC73D91C2}.Debug|x64.Build.0 = Debug|x64
		{4AE76370-8D53-376B-8296-D0BBC73D91C2}.Release|x64.ActiveCfg = Release|x64
		{4AE76370-8D53-376B-8296-D0BBC73D91C2}.Release|x64.Build.0 = Release|x64
		{4AE76370-8D53-376B-8296-D0BBC73D91C2}.MinSizeRel|x64.ActiveCfg = MinSizeRel|x64
		{4AE76370-8D53-376B-8296-D0BBC73D91C2}.MinSizeRel|x64.Build.0 = MinSizeRel|x64
		{4AE76370-8D53-376B-8296-D0BBC73D91C2}.RelWithDebInfo|x64.ActiveCfg = RelWithDebInfo|x64
		{4AE76370-8D53-376B-8296-D0BBC73D91C2}.RelWithDebInfo|x64.Build.0 = RelWithDebInfo|x64
		{81A36780-D580-3389-A737-92602D9DDA75}.Debug|x64.ActiveCfg = Debug|x64
		{81A36780-D580-3389-A737-92602D9DDA75}.Debug|x64.Build.0 = Debug|x64
		{81A36780-D580-3389-A737-92602D9DDA75}.Release|x64.ActiveCfg = Release|x64
		{81A36780-D580-3389-A737-92602D9DDA75}.Release|x64.Build.0 = Release|x64
		{81A36780-D580-3389-A737-92602D9DDA75}.MinSizeRel|x64.ActiveCfg = MinSizeRel|x64
		{81A36780-D580-3389-A737-92602D9DDA75}.MinSizeRel|x64.Build.0 = MinSizeRel|x64
		{81A36780-D580-3389-A737-92602D9DDA75}.RelWithDebInfo|x64.ActiveCfg = RelWithDebInfo|x64
		{81A36780-D580-3389-A737-92602D9DDA75}.RelWithDebInfo|x64.Build.0 = RelWithDebInfo|x64
		{C850A4F1-20EF-337C-830D-0D884867C111}.Debug|x64.ActiveCfg = Debug|x64
		{C850A4F1-20EF-337C-830D-0D884867C111}.Debug|x64.Build.0 = Debug|x64
		{C850A4F1-20EF-337C-830D-0D884867C111}.Release|x64.ActiveCfg = Release|x64
		{C850A4F1-20EF-337C-830D-0D884867C111}.Release|x64.Build.0 = Release|x64
		{C850A4F1-20EF-337C-830D-0D884867C111}.MinSizeRel|x64.ActiveCfg = MinSizeRel|x64
		{C850A4F1-20EF-337C-830D-0D884867C111}.MinSizeRel|x64.Build.0 = MinSizeRel|x64
		{C850A4F1-20EF-337C-830D-0D884867C111}.RelWithDebInfo|x64.ActiveCfg = RelWithDebInfo|x64
		{C850A4F1-20EF-337C-830D-0D884867C111}.RelWithDebInfo|x64.Build.0 = RelWithDebInfo|x64
		{4A746064-34A6-3B20-85CE-EF2A8A77AA16}.Debug|x64.ActiveCfg = Debug|x64
		{4A746064-34A6-3B20-85CE-EF2A8A77AA16}.Debug|x64.Build.0 = Debug|x64
		{4A746064-34A6-3B20-85CE-EF2A8A77AA16}.Release|x64.ActiveCfg = Release|x64
		{4A746064-34A6-3B20-85CE-EF2A8A77AA16}.Release|x64.Build.0 = Release|x64
		{4A746064-34A6-3B20-85CE-EF2A8A77AA16}.MinSizeRel|x64.ActiveCfg = MinSizeRel|x64
		{4A746064-34A6-3B20-85CE-EF2A8A77AA16}.MinSizeRel|x64.Build.0 = MinSizeRel|x64
		{4A746064-34A6-3B20-85CE-EF2A8A77AA16}.RelWithDebInfo|x64.ActiveCfg = RelWithDebInfo|x64
		{4A746064-34A6-3B20-85CE-EF2A8A77AA16}.RelWithDebInfo|x64.Build.0 = RelWithDebInfo|x64
		{0E39603A-A0C9-3DFF-BC2B-CB47CC6C2E57}.Debug|x64.ActiveCfg = Debug|x64
		{0E39603A-A0C9-3DFF-BC2B-CB47CC6C2E57}.Debug|x64.Build.0 = Debug|x64
		{0E39603A-A0C9-3DFF-BC2B-CB47CC6C2E57}.Release|x64.ActiveCfg = Release|x64
		{0E39603A-A0C9-3DFF-BC2B-CB47CC6C2E57}.Release|x64.Build.0 = Release|x64
		{0E39603A-A0C9-3DFF-BC2B-CB47CC6C2E57}.MinSizeRel|x64.ActiveCfg = MinSizeRel|x64
		{0E39603A-A0C9-3DFF-BC2B-CB47CC6C2E57}.MinSizeRel|x64.Build.0 = MinSizeRel|x64
		{0E39603A-A0C9-3DFF-BC2B-CB47CC6C2E57}.RelWithDebInfo|x64.ActiveCfg = RelWithDebInfo|x64
		{0E39603A-A0C9-3DFF-BC2B-CB47CC6C2E57}.RelWithDebInfo|x64.Build.0 = RelWithDebInfo|x64
		{2E600EFB-BB3F-39B3-9D03-28E5B9F568EE}.Debug|x64.ActiveCfg = Debug|x64
		{2E600EFB-BB3F-39B3-9D03-28E5B9F568EE}.Debug|x64.Build.0 = Debug|x64
		{2E600EFB-BB3F-39B3-9D03-28E5B9F568EE}.Release|x64.ActiveCfg = Release|x64
		{2E600EFB-BB3F-39B3-9D03-28E5B9F568EE}.Release|x64.Build.0 = Release|x64
		{2E600EFB-BB3F-39B3-9D03-28E5B9F568EE}.MinSizeRel|x64.ActiveCfg = MinSizeRel|x64
		{2E600EFB-BB3F-39B3-9D03-28E5B9F568EE}.MinSizeRel|x64.Build.0 = MinSizeRel|x64
		{2E600EFB-BB3F-39B3-9D03-28E5B9F568EE}.RelWithDebInfo|x64.ActiveCfg = RelWithDebInfo|x64
		{2E600EFB-BB3F-39B3-9D03-28E5B9F568EE}.RelWithDebInfo|x64.Build.0 = RelWithDebInfo|x64
		{502429AA-FFB8-3558-9094-F99E5E5D7095}.Debug|x64.ActiveCfg = Debug|x64
		{502429AA-FFB8-3558-9094-F99E5E5D7095}.Debug|x64.Build.0 = Debug|x64
		{502429AA-FFB8-3558-9094-F99E5E5D7095}.Release|x64.ActiveCfg = Release|x64
		{502429AA-FFB8-3558-9094-F99E5E5D7095}.Release|x64.Build.0 = Release|x64
		{502429AA-FFB8-3558-9094-F99E5E5D7095}.MinSizeRel|x64.ActiveCfg = MinSizeRel|x64
		{502429AA-FFB8-3558-9094-F99E5E5D7095}.MinSizeRel|x64.Build.0 = MinSizeRel|x64
		{502429AA-FFB8-3558-9094-F99E5E5D7095}.RelWithDebInfo|x64.ActiveCfg = RelWithDebInfo|x64
		{502429AA-FFB8-3558-9094-F99E5E5D7095}.RelWithDebInfo|x64.Build.0 = RelWithDebInfo|x64
		{C92901DF-EF3C-351B-8938-D07D793430BC}.Debug|x64.ActiveCfg = Debug|x64
		{C92901DF-EF3C-351B-8938-D07D793430BC}.Debug|x64.Build.0 = Debug|x64
		{C92901DF-EF3C-351B-8938-D07D793430BC}.Release|x64.ActiveCfg = Release|x64
		{C92901DF-EF3C-351B-8938-D07D793430BC}.Release|x64.Build.0 = Release|x64
		{C92901DF-EF3C-351B-8938-D07D793430BC}.MinSizeRel|x64.ActiveCfg = MinSizeRel|x64
		{C92901DF-EF3C-351B-8938-D07D793430BC}.MinSizeRel|x64.Build.0 = MinSizeRel|x64
		{C92901DF-EF3C-351B-8938-D07D793430BC}.RelWithDebInfo|x64.ActiveCfg = RelWithDebInfo|x64
		{C92901DF-EF3C-351B-8938-D07D793430BC}.RelWithDebInfo|x64.Build.0 = RelWithDebInfo|x64
		{F258CDF0-56AD-3847-B9FA-417E931BEC1B}.Debug|x64.ActiveCfg = Debug|x64
		{F258CDF0-56AD-3847-B9FA-417E931BEC1B}.Debug|x64.Build.0 = Debug|x64
		{F258CDF0-56AD-3847-B9FA-417E931BEC1B}.Release|x64.ActiveCfg = Release|x64
		{F258CDF0-56AD-3847-B9FA-417E931BEC1B}.Release|x64.Build.0 = Release|x64
		{F258CDF0-56AD-3847-B9FA-417E931BEC1B}.MinSizeRel|x64.ActiveCfg = MinSizeRel|x64
		{F258CDF0-56AD-3847-B9FA-417E931BEC1B}.MinSizeRel|x64.Build.0 = MinSizeRel|x64
		{F258CDF0-56AD-3847-B9FA-417E931BEC1B}.RelWithDebInfo|x64.ActiveCfg = RelWithDebInfo|x64
		{F258CDF0-56AD-3847-B9FA-417E931BEC1B}.RelWithDebInfo|x64.Build.0 = RelWithDebInfo|x64
		{AEB40105-D505-337D-9765-A4214264FB2F}.Debug|x64.ActiveCfg = Debug|x64
		{AEB40105-D505-337D-9765-A4214264FB2F}.Debug|x64.Build.0 = Debug|x64
		{AEB40105-D505-337D-9765-A4214264FB2F}.Release|x64.ActiveCfg = Release|x64
		{AEB40105-D505-337D-9765-A4214264FB2F}.Release|x64.Build.0 = Release|x64
		{AEB40105-D505-337D-9765-A4214264FB2F}.MinSizeRel|x64.ActiveCfg = MinSizeRel|x64
		{AEB40105-D505-337D-9765-A4214264FB2F}.MinSizeRel|x64.Build.0 = MinSizeRel|x64
		{AEB40105-D505-337D-9765-A4214264FB2F}.RelWithDebInfo|x64.ActiveCfg = RelWithDebInfo|x64
		{AEB40105-D505-337D-9765-A4214264FB2F}.RelWithDebInfo|x64.Build.0 = RelWithDebInfo|x64
		{744F63BE-F16B-327A-BA64-8220EF98CDB0}.Debug|x64.ActiveCfg = Debug|x64
		{744F63BE-F16B-327A-BA64-8220EF98CDB0}.Debug|x64.Build.0 = Debug|x64
		{744F63BE-F16B-327A-BA64-8220EF98CDB0}.Release|x64.ActiveCfg = Release|x64
		{744F63BE-F16B-327A-BA64-8220EF98CDB0}.Release|x64.Build.0 = Release|x64
		{744F63BE-F16B-327A-BA64-8220EF98CDB0}.MinSizeRel|x64.ActiveCfg = MinSizeRel|x64
		{744F63BE-F16B-327A-BA64-8220EF98CDB0}.MinSizeRel|x64.Build.0 = MinSizeRel|x64
		{744F63BE-F16B-327A-BA64-8220EF98CDB0}.RelWithDebInfo|x64.ActiveCfg = RelWithDebInfo|x64
		{744F63BE-F16B-327A-BA64-8220EF98CDB0}.RelWithDebInfo|x64.Build.0 = RelWithDebInfo|x64
		{35BCE2A8-532E-3233-991D-2DF74969F2BB}.Debug|x64.ActiveCfg = Debug|x64
		{35BCE2A8-532E-3233-991D-2DF74969F2BB}.Debug|x64.Build.0 = Debug|x64
		{35BCE2A8-532E-3233-991D-2DF74969F2BB}.Release|x64.ActiveCfg = Release|x64
		{35BCE2A8-532E-3233-991D-2DF74969F2BB}.Release|x64.Build.0 = Release|x64
		{35BCE2A8-532E-3233-991D-2DF74969F2BB}.MinSizeRel|x64.ActiveCfg = MinSizeRel|x64
		{35BCE2A8-532E-3233-991D-2DF74969F2BB}.MinSizeRel|x64.Build.0 = MinSizeRel|x64
		{35BCE2A8-532E-3233-991D-2DF74969F2BB}.RelWithDebInfo|x64.ActiveCfg = RelWithDebInfo|x64
		{35BCE2A8-532E-3233-991D-2DF74969F2BB}.RelWithDebInfo|x64.Build.0 = RelWithDebInfo|x64
		{E538E82F-2AA0-3B92-80DC-AF12DFFD3B31}.Debug|x64.ActiveCfg = Debug|x64
		{E538E82F-2AA0-3B92-80DC-AF12DFFD3B31}.Debug|x64.Build.0 = Debug|x64
		{E538E82F-2AA0-3B92-80DC-AF12DFFD3B31}.Release|x64.ActiveCfg = Release|x64
		{E538E82F-2AA0-3B92-80DC-AF12DFFD3B31}.Release|x64.Build.0 = Release|x64
		{E538E82F-2AA0-3B92-80DC-AF12DFFD3B31}.MinSizeRel|x64.ActiveCfg = MinSizeRel|x64
		{E538E82F-2AA0-3B92-80DC-AF12DFFD3B31}.MinSizeRel|x64.Build.0 = MinSizeRel|x64
		{E538E82F-2AA0-3B92-80DC-AF12DFFD3B31}.RelWithDebInfo|x64.ActiveCfg = RelWithDebInfo|x64
		{E538E82F-2AA0-3B92-80DC-AF12DFFD3B31}.RelWithDebInfo|x64.Build.0 = RelWithDebInfo|x64
		{046D80F9-B93D-3371-B1C8-A8D5B714504A}.Debug|x64.ActiveCfg = Debug|x64
		{046D80F9-B93D-3371-B1C8-A8D5B714504A}.Debug|x64.Build.0 = Debug|x64
		{046D80F9-B93D-3371-B1C8-A8D5B714504A}.Release|x64.ActiveCfg = Release|x64
		{046D80F9-B93D-3371-B1C8-A8D5B714504A}.Release|x64.Build.0 = Release|x64
		{046D80F9-B93D-3371-B1C8-A8D5B714504A}.MinSizeRel|x64.ActiveCfg = MinSizeRel|x64
		{046D80F9-B93D-3371-B1C8-A8D5B714504A}.MinSizeRel|x64.Build.0 = MinSizeRel|x64
		{046D80F9-B93D-3371-B1C8-A8D5B714504A}.RelWithDebInfo|x64.ActiveCfg = RelWithDebInfo|x64
		{046D80F9-B93D-3371-B1C8-A8D5B714504A}.RelWithDebInfo|x64.Build.0 = RelWithDebInfo|x64
		{12EC9CEE-2F89-3394-95CF-8B9D78FB5C43}.Debug|x64.ActiveCfg = Debug|x64
		{12EC9CEE-2F89-3394-95CF-8B9D78FB5C43}.Debug|x64.Build.0 = Debug|x64
		{12EC9CEE-2F89-3394-95CF-8B9D78FB5C43}.Release|x64.ActiveCfg = Release|x64
		{12EC9CEE-2F89-3394-95CF-8B9D78FB5C43}.Release|x64.Build.0 = Release|x64
		{12EC9CEE-2F89-3394-95CF-8B9D78FB5C43}.MinSizeRel|x64.ActiveCfg = MinSizeRel|x64
		{12EC9CEE-2F89-3394-95CF-8B9D78FB5C43}.MinSizeRel|x64.Build.0 = MinSizeRel|x64
		{12EC9CEE-2F89-3394-95CF-8B9D78FB5C43}.RelWithDebInfo|x64.ActiveCfg = RelWithDebInfo|x64
		{12EC9CEE-2F89-3394-95CF-8B9D78FB5C43}.RelWithDebInfo|x64.Build.0 = RelWithDebInfo|x64
		{7718F193-F077-3F4A-8265-7A6CACC32280}.Debug|x64.ActiveCfg = Debug|x64
		{7718F193-F077-3F4A-8265-7A6CACC32280}.Debug|x64.Build.0 = Debug|x64
		{7718F193-F077-3F4A-8265-7A6CACC32280}.Release|x64.ActiveCfg = Release|x64
		{7718F193-F077-3F4A-8265-7A6CACC32280}.Release|x64.Build.0 = Release|x64
		{7718F193-F077-3F4A-8265-7A6CACC32280}.MinSizeRel|x64.ActiveCfg = MinSizeRel|x64
		{7718F193-F077-3F4A-8265-7A6CACC32280}.MinSizeRel|x64.Build.0 = MinSizeRel|x64
		{7718F193-F077-3F4A-8265-7A6CACC32280}.RelWithDebInfo|x64.ActiveCfg = RelWithDebInfo|x64
		{7718F193-F077-3F4A-8265-7A6CACC32280}.RelWithDebInfo|x64.Build.0 = RelWithDebInfo|x64
		{FBD95F36-9872-32AB-B23B-E99FCFDED1FD}.Debug|x64.ActiveCfg = Debug|x64
		{FBD95F36-9872-32AB-B23B-E99FCFDED1FD}.Debug|x64.Build.0 = Debug|x64
		{FBD95F36-9872-32AB-B23B-E99FCFDED1FD}.Release|x64.ActiveCfg = Release|x64
		{FBD95F36-9872-32AB-B23B-E99FCFDED1FD}.Release|x64.Build.0 = Release|x64
		{FBD95F36-9872-32AB-B23B-E99FCFDED1FD}.MinSizeRel|x64.ActiveCfg = MinSizeRel|x64
		{FBD95F36-9872-32AB-B23B-E99FCFDED1FD}.MinSizeRel|x64.Build.0 = MinSizeRel|x64
		{FBD95F36-9872-32AB-B23B-E99FCFDED1FD}.RelWithDebInfo|x64.ActiveCfg = RelWithDebInfo|x64
		{FBD95F36-9872-32AB-B23B-E99FCFDED1FD}.RelWithDebInfo|x64.Build.0 = RelWithDebInfo|x64
		{07EC82C8-D3F7-3300-A8D3-208E908DE13D}.Debug|x64.ActiveCfg = Debug|x64
		{07EC82C8-D3F7-3300-A8D3-208E908DE13D}.Debug|x64.Build.0 = Debug|x64
		{07EC82C8-D3F7-3300-A8D3-208E908DE13D}.Release|x64.ActiveCfg = Release|x64
		{07EC82C8-D3F7-3300-A8D3-208E908DE13D}.Release|x64.Build.0 = Release|x64
		{07EC82C8-D3F7-3300-A8D3-208E908DE13D}.MinSizeRel|x64.ActiveCfg = MinSizeRel|x64
		{07EC82C8-D3F7-3300-A8D3-208E908DE13D}.MinSizeRel|x64.Build.0 = MinSizeRel|x64
		{07EC82C8-D3F7-3300-A8D3-208E908DE13D}.RelWithDebInfo|x64.ActiveCfg = RelWithDebInfo|x64
		{07EC82C8-D3F7-3300-A8D3-208E908DE13D}.RelWithDebInfo|x64.Build.0 = RelWithDebInfo|x64
		{21DB2C93-357B-3A12-B8D3-E35C71125BA6}.Debug|x64.ActiveCfg = Debug|x64
		{21DB2C93-357B-3A12-B8D3-E35C71125BA6}.Debug|x64.Build.0 = Debug|x64
		{21DB2C93-357B-3A12-B8D3-E35C71125BA6}.Release|x64.ActiveCfg = Release|x64
		{21DB2C93-357B-3A12-B8D3-E35C71125BA6}.Release|x64.Build.0 = Release|x64
		{21DB2C93-357B-3A12-B8D3-E35C71125BA6}.MinSizeRel|x64.ActiveCfg = MinSizeRel|x64
		{21DB2C93-357B-3A12-B8D3-E35C71125BA6}.MinSizeRel|x64.Build.0 = MinSizeRel|x64
		{21DB2C93-357B-3A12-B8D3-E35C71125BA6}.RelWithDebInfo|x64.ActiveCfg = RelWithDebInfo|x64
		{21DB2C93-357B-3A12-B8D3-E35C71125BA6}.RelWithDebInfo|x64.Build.0 = RelWithDebInfo|x64
		{2D5E866B-1A4A-3365-90FA-F5CC73B0C0A3}.Debug|x64.ActiveCfg = Debug|x64
		{2D5E866B-1A4A-3365-90FA-F5CC73B0C0A3}.Debug|x64.Build.0 = Debug|x64
		{2D5E866B-1A4A-3365-90FA-F5CC73B0C0A3}.Release|x64.ActiveCfg = Release|x64
		{2D5E866B-1A4A-3365-90FA-F5CC73B0C0A3}.Release|x64.Build.0 = Release|x64
		{2D5E866B-1A4A-3365-90FA-F5CC73B0C0A3}.MinSizeRel|x64.ActiveCfg = MinSizeRel|x64
		{2D5E866B-1A4A-3365-90FA-F5CC73B0C0A3}.MinSizeRel|x64.Build.0 = MinSizeRel|x64
		{2D5E866B-1A4A-3365-90FA-F5CC73B0C0A3}.RelWithDebInfo|x64.ActiveCfg = RelWithDebInfo|x64
		{2D5E866B-1A4A-3365-90FA-F5CC73B0C0A3}.RelWithDebInfo|x64.Build.0 = RelWithDebInfo|x64
		{97DC0537-4D9E-364C-8B12-10E5B54F08C5}.Debug|x64.ActiveCfg = Debug|x64
		{97DC0537-4D9E-364C-8B12-10E5B54F08C5}.Debug|x64.Build.0 = Debug|x64
		{97DC0537-4D9E-364C-8B12-10E5B54F08C5}.Release|x64.ActiveCfg = Release|x64
		{97DC0537-4D9E-364C-8B12-10E5B54F08C5}.Release|x64.Build.0 = Release|x64
		{97DC0537-4D9E-364C-8B12-10E5B54F08C5}.MinSizeRel|x64.ActiveCfg = MinSizeRel|x64
		{97DC0537-4D9E-364C-8B12-10E5B54F08C5}.MinSizeRel|x64.Build.0 = MinSizeRel|x64
		{97DC0537-4D9E-364C-8B12-10E5B54F08C5}.RelWithDebInfo|x64.ActiveCfg = RelWithDebInfo|x64
		{97DC0537-4D9E-364C-8B12-10E5B54F08C5}.RelWithDebInfo|x64.Build.0 = RelWithDebInfo|x64
	EndGlobalSection
	GlobalSection(NestedProjects) = preSolution
		{7CB915BC-E74C-375D-8BB9-0913B01FB67B} = {86E40B11-D32A-3CDF-A419-7177EE00D7C6}
		{4AE76370-8D53-376B-8296-D0BBC73D91C2} = {86E40B11-D32A-3CDF-A419-7177EE00D7C6}
		{1A655BD5-E2F4-3CBC-AFD5-16FB032CDE92} = {34977D63-F4BA-3651-9381-F933B78E7508}
		{44B9C93E-31B4-3517-A092-E4A4FC784AA6} = {34977D63-F4BA-3651-9381-F933B78E7508}
		{E94E7954-D3E2-3C91-8D76-BB52A6CA1EA1} = {34977D63-F4BA-3651-9381-F933B78E7508}
		{81A36780-D580-3389-A737-92602D9DDA75} = {34977D63-F4BA-3651-9381-F933B78E7508}
		{4A746064-34A6-3B20-85CE-EF2A8A77AA16} = {1A655BD5-E2F4-3CBC-AFD5-16FB032CDE92}
		{F258CDF0-56AD-3847-B9FA-417E931BEC1B} = {44B9C93E-31B4-3517-A092-E4A4FC784AA6}
		{AEB40105-D505-337D-9765-A4214264FB2F} = {44B9C93E-31B4-3517-A092-E4A4FC784AA6}
		{97DC0537-4D9E-364C-8B12-10E5B54F08C5} = {44B9C93E-31B4-3517-A092-E4A4FC784AA6}
		{C850A4F1-20EF-337C-830D-0D884867C111} = {E94E7954-D3E2-3C91-8D76-BB52A6CA1EA1}
		{0E39603A-A0C9-3DFF-BC2B-CB47CC6C2E57} = {E94E7954-D3E2-3C91-8D76-BB52A6CA1EA1}
		{2E600EFB-BB3F-39B3-9D03-28E5B9F568EE} = {E94E7954-D3E2-3C91-8D76-BB52A6CA1EA1}
		{C92901DF-EF3C-351B-8938-D07D793430BC} = {E94E7954-D3E2-3C91-8D76-BB52A6CA1EA1}
		{E538E82F-2AA0-3B92-80DC-AF12DFFD3B31} = {E94E7954-D3E2-3C91-8D76-BB52A6CA1EA1}
		{046D80F9-B93D-3371-B1C8-A8D5B714504A} = {E94E7954-D3E2-3C91-8D76-BB52A6CA1EA1}
		{12EC9CEE-2F89-3394-95CF-8B9D78FB5C43} = {5A2FAD57-9AAB-3B29-BDEA-C283A0D57249}
		{502429AA-FFB8-3558-9094-F99E5E5D7095} = {C87E8022-0752-3C4B-9596-C9E2BA3F5D62}
		{744F63BE-F16B-327A-BA64-8220EF98CDB0} = {C87E8022-0752-3C4B-9596-C9E2BA3F5D62}
	EndGlobalSection
	GlobalSection(ExtensibilityGlobals) = postSolution
		SolutionGuid = {3BD30107-31B8-3E6B-8354-68C21175549C}
	EndGlobalSection
	GlobalSection(ExtensibilityAddIns) = postSolution
	EndGlobalSection
EndGlobal
