<?xml version="1.0" encoding="utf-8"?>
<Project ToolsVersion="17.0" xmlns="http://schemas.microsoft.com/developer/msbuild/2003">
  <ItemGroup>
    <CustomBuild Include="D:\Programming\libuipc\buildGUI\CMakeFiles\063c86687d4290e31a723926dfcffcee\generate.stamp.rule">
      <Filter>CMake Rules</Filter>
    </CustomBuild>
  </ItemGroup>
  <ItemGroup>
    <Filter Include="CMake Rules">
      <UniqueIdentifier>{862513EB-48AC-3DD3-930B-719BCBE4711D}</UniqueIdentifier>
    </Filter>
  </ItemGroup>
</Project>
