<?xml version="1.0" encoding="utf-8"?>
<Project ToolsVersion="17.0" xmlns="http://schemas.microsoft.com/developer/msbuild/2003">
  <ItemGroup>
    <ClCompile Include="D:\Programming\libuipc\apps\app\asset_dir.cpp">
      <Filter>Source Files</Filter>
    </ClCompile>
    <ClCompile Include="D:\Programming\libuipc\apps\app\require_log.cpp">
      <Filter>Source Files</Filter>
    </ClCompile>
    <ClCompile Include="D:\Programming\libuipc\apps\app\test_utils.cpp">
      <Filter>Source Files</Filter>
    </ClCompile>
  </ItemGroup>
  <ItemGroup>
    <ClInclude Include="D:\Programming\libuipc\apps\app\asset_dir.h">
      <Filter>Header Files</Filter>
    </ClInclude>
    <ClInclude Include="D:\Programming\libuipc\apps\app\require_log.h">
      <Filter>Header Files</Filter>
    </ClInclude>
    <ClInclude Include="D:\Programming\libuipc\apps\app\test_common.h">
      <Filter>Header Files</Filter>
    </ClInclude>
    <ClInclude Include="D:\Programming\libuipc\apps\app\test_utils.h">
      <Filter>Header Files</Filter>
    </ClInclude>
  </ItemGroup>
  <ItemGroup>
    <CustomBuild Include="D:\Programming\libuipc\apps\app\CMakeLists.txt" />
  </ItemGroup>
  <ItemGroup>
    <Natvis Include="D:\Programming\libuipc\buildGUI\vcpkg_installed\x64-windows\share\nlohmann_json\nlohmann_json.natvis" />
  </ItemGroup>
  <ItemGroup>
    <Filter Include="Header Files">
      <UniqueIdentifier>{67178987-4C38-3F02-8966-581CE587013A}</UniqueIdentifier>
    </Filter>
    <Filter Include="Source Files">
      <UniqueIdentifier>{A1BF4E01-186A-3D43-B7D4-2A9DBAEF2DF9}</UniqueIdentifier>
    </Filter>
  </ItemGroup>
</Project>
